
Microsoft Visual Studio Solution File, Format Version 12.00
# Visual Studio Version 17
VisualStudioVersion = 17.9.34622.214
MinimumVisualStudioVersion = 10.0.40219.1
Project("{8BC9CEB8-8B4A-11D0-8D11-00A0C91BC942}") = "Final Arrays", "Final Arrays\Final Arrays.vcxproj", "{747320A2-802D-4ED7-A417-0D8E7A0E3983}"
EndProject
Global
	GlobalSection(SolutionConfigurationPlatforms) = preSolution
		Debug|x64 = Debug|x64
		Debug|x86 = Debug|x86
		Release|x64 = Release|x64
		Release|x86 = Release|x86
	EndGlobalSection
	GlobalSection(ProjectConfigurationPlatforms) = postSolution
		{747320A2-802D-4ED7-A417-0D8E7A0E3983}.Debug|x64.ActiveCfg = Debug|x64
		{747320A2-802D-4ED7-A417-0D8E7A0E3983}.Debug|x64.Build.0 = Debug|x64
		{747320A2-802D-4ED7-A417-0D8E7A0E3983}.Debug|x86.ActiveCfg = Debug|Win32
		{747320A2-802D-4ED7-A417-0D8E7A0E3983}.Debug|x86.Build.0 = Debug|Win32
		{747320A2-802D-4ED7-A417-0D8E7A0E3983}.Release|x64.ActiveCfg = Release|x64
		{747320A2-802D-4ED7-A417-0D8E7A0E3983}.Release|x64.Build.0 = Release|x64
		{747320A2-802D-4ED7-A417-0D8E7A0E3983}.Release|x86.ActiveCfg = Release|Win32
		{747320A2-802D-4ED7-A417-0D8E7A0E3983}.Release|x86.Build.0 = Release|Win32
	EndGlobalSection
	GlobalSection(SolutionProperties) = preSolution
		HideSolutionNode = FALSE
	EndGlobalSection
	GlobalSection(ExtensibilityGlobals) = postSolution
		SolutionGuid = {301EBE89-C81A-4C6F-A3E9-BF63BDCA7DE6}
	EndGlobalSection
EndGlobal
